
Microsoft Visual Studio Solution File, Format Version 10.00
# Visual Studio 2008
Project("{FAE04EC0-301F-11D3-BF4B-00C04F79EFBC}") = "PCarro", "PCarro\PCarro.csproj", "{157B90EA-C2BB-4D0D-91AD-FAE56C90D22E}"
EndProject
Global
	GlobalSection(SolutionConfigurationPlatforms) = preSolution
		Debug|Any CPU = Debug|Any CPU
		Release|Any CPU = Release|Any CPU
	EndGlobalSection
	GlobalSection(ProjectConfigurationPlatforms) = postSolution
		{157B90EA-C2BB-4D0D-91AD-FAE56C90D22E}.Debug|Any CPU.ActiveCfg = Debug|Any CPU
		{157B90EA-C2BB-4D0D-91AD-FAE56C90D22E}.Debug|Any CPU.Build.0 = Debug|Any CPU
		{157B90EA-C2BB-4D0D-91AD-FAE56C90D22E}.Release|Any CPU.ActiveCfg = Release|Any CPU
		{157B90EA-C2BB-4D0D-91AD-FAE56C90D22E}.Release|Any CPU.Build.0 = Release|Any CPU
	EndGlobalSection
	GlobalSection(SolutionProperties) = preSolution
		HideSolutionNode = FALSE
	EndGlobalSection
EndGlobal
