
Microsoft Visual Studio Solution File, Format Version 10.00
# Visual Studio 2008
Project("{FAE04EC0-301F-11D3-BF4B-00C04F79EFBC}") = "Formulario", "Formulario\Formulario.csproj", "{5BCE28C2-C427-41B1-9E64-C8692B9E0BE4}"
EndProject
Global
	GlobalSection(SolutionConfigurationPlatforms) = preSolution
		Debug|Any CPU = Debug|Any CPU
		Release|Any CPU = Release|Any CPU
	EndGlobalSection
	GlobalSection(ProjectConfigurationPlatforms) = postSolution
		{5BCE28C2-C427-41B1-9E64-C8692B9E0BE4}.Debug|Any CPU.ActiveCfg = Debug|Any CPU
		{5BCE28C2-C427-41B1-9E64-C8692B9E0BE4}.Debug|Any CPU.Build.0 = Debug|Any CPU
		{5BCE28C2-C427-41B1-9E64-C8692B9E0BE4}.Release|Any CPU.ActiveCfg = Release|Any CPU
		{5BCE28C2-C427-41B1-9E64-C8692B9E0BE4}.Release|Any CPU.Build.0 = Release|Any CPU
	EndGlobalSection
	GlobalSection(SolutionProperties) = preSolution
		HideSolutionNode = FALSE
	EndGlobalSection
EndGlobal
